
Microsoft Visual Studio Solution File, Format Version 12.00
# Visual Studio Version 16
VisualStudioVersion = 16.0.30114.105
MinimumVisualStudioVersion = 10.0.40219.1
Project("{FAE04EC0-301F-11D3-BF4B-00C04F79EFBC}") = "MyApp", "MyApp\MyApp.csproj", "{A1B56524-FAC0-4AB6-BC4B-FDFE6AE0CC93}"
EndProject
Project("{FAE04EC0-301F-11D3-BF4B-00C04F79EFBC}") = "MyApp.Tests", "MyApp.Tests\MyApp.Tests.csproj", "{F6FB64AB-F744-4D84-AB8A-FDC4C627BB2C}"
EndProject
Global
	GlobalSection(SolutionConfigurationPlatforms) = preSolution
		Debug|Any CPU = Debug|Any CPU
		Release|Any CPU = Release|Any CPU
	EndGlobalSection
	GlobalSection(SolutionProperties) = preSolution
		HideSolutionNode = FALSE
	EndGlobalSection
	GlobalSection(ProjectConfigurationPlatforms) = postSolution
		{A1B56524-FAC0-4AB6-BC4B-FDFE6AE0CC93}.Debug|Any CPU.ActiveCfg = Debug|Any CPU
		{A1B56524-FAC0-4AB6-BC4B-FDFE6AE0CC93}.Debug|Any CPU.Build.0 = Debug|Any CPU
		{A1B56524-FAC0-4AB6-BC4B-FDFE6AE0CC93}.Release|Any CPU.ActiveCfg = Release|Any CPU
		{A1B56524-FAC0-4AB6-BC4B-FDFE6AE0CC93}.Release|Any CPU.Build.0 = Release|Any CPU
		{F6FB64AB-F744-4D84-AB8A-FDC4C627BB2C}.Debug|Any CPU.ActiveCfg = Debug|Any CPU
		{F6FB64AB-F744-4D84-AB8A-FDC4C627BB2C}.Debug|Any CPU.Build.0 = Debug|Any CPU
		{F6FB64AB-F744-4D84-AB8A-FDC4C627BB2C}.Release|Any CPU.ActiveCfg = Release|Any CPU
		{F6FB64AB-F744-4D84-AB8A-FDC4C627BB2C}.Release|Any CPU.Build.0 = Release|Any CPU
	EndGlobalSection
EndGlobal
